
Microsoft Visual Studio Solution File, Format Version 12.00
# Visual Studio Version 16
VisualStudioVersion = 16.0.30611.23
MinimumVisualStudioVersion = 10.0.40219.1
Project("{FAE04EC0-301F-11D3-BF4B-00C04F79EFBC}") = "murman", "rabotaSqlLR4\murman.csproj", "{0ABC9FDE-F601-4CBB-9093-7D620185A81F}"
EndProject
Global
	GlobalSection(SolutionConfigurationPlatforms) = preSolution
		Debug|Any CPU = Debug|Any CPU
		Release|Any CPU = Release|Any CPU
	EndGlobalSection
	GlobalSection(ProjectConfigurationPlatforms) = postSolution
		{0ABC9FDE-F601-4CBB-9093-7D620185A81F}.Debug|Any CPU.ActiveCfg = Debug|Any CPU
		{0ABC9FDE-F601-4CBB-9093-7D620185A81F}.Debug|Any CPU.Build.0 = Debug|Any CPU
		{0ABC9FDE-F601-4CBB-9093-7D620185A81F}.Release|Any CPU.ActiveCfg = Release|Any CPU
		{0ABC9FDE-F601-4CBB-9093-7D620185A81F}.Release|Any CPU.Build.0 = Release|Any CPU
	EndGlobalSection
	GlobalSection(SolutionProperties) = preSolution
		HideSolutionNode = FALSE
	EndGlobalSection
	GlobalSection(ExtensibilityGlobals) = postSolution
		SolutionGuid = {5FE9E052-D42B-46B0-8FF9-C0AD5C88B47B}
	EndGlobalSection
EndGlobal
